
Microsoft Visual Studio Solution File, Format Version 12.00
# Visual Studio 15
VisualStudioVersion = 15.0.28307.1401
MinimumVisualStudioVersion = 10.0.40219.1
Project("{9A19103F-16F7-4668-BE54-9A1E7A4F7556}") = "RoRCalculator", "RoRCalculator\RoRCalculator.csproj", "{8D698992-50E1-4B8A-8518-2C34A3564BE9}"
	ProjectSection(ProjectDependencies) = postProject
		{852DE90B-86E6-452E-9F0F-E49B0BAD2A4D} = {852DE90B-86E6-452E-9F0F-E49B0BAD2A4D}
	EndProjectSection
EndProject
Project("{9A19103F-16F7-4668-BE54-9A1E7A4F7556}") = "RoR", "ClassLibrary1\RoR.csproj", "{852DE90B-86E6-452E-9F0F-E49B0BAD2A4D}"
EndProject
Project("{9A19103F-16F7-4668-BE54-9A1E7A4F7556}") = "RoRImplementation", "RoRImplementation\RoRImplementation.csproj", "{723EC8E3-BF54-4127-9D84-D45E1F5F8527}"
	ProjectSection(ProjectDependencies) = postProject
		{852DE90B-86E6-452E-9F0F-E49B0BAD2A4D} = {852DE90B-86E6-452E-9F0F-E49B0BAD2A4D}
	EndProjectSection
EndProject
Project("{9A19103F-16F7-4668-BE54-9A1E7A4F7556}") = "RoRImplementationTest", "RoRImplementationTest\RoRImplementationTest.csproj", "{E797C2E4-7DDF-4879-8DBA-1906F5E2D578}"
EndProject
Global
	GlobalSection(SolutionConfigurationPlatforms) = preSolution
		Debug|Any CPU = Debug|Any CPU
		Release|Any CPU = Release|Any CPU
	EndGlobalSection
	GlobalSection(ProjectConfigurationPlatforms) = postSolution
		{8D698992-50E1-4B8A-8518-2C34A3564BE9}.Debug|Any CPU.ActiveCfg = Debug|Any CPU
		{8D698992-50E1-4B8A-8518-2C34A3564BE9}.Debug|Any CPU.Build.0 = Debug|Any CPU
		{8D698992-50E1-4B8A-8518-2C34A3564BE9}.Release|Any CPU.ActiveCfg = Release|Any CPU
		{8D698992-50E1-4B8A-8518-2C34A3564BE9}.Release|Any CPU.Build.0 = Release|Any CPU
		{852DE90B-86E6-452E-9F0F-E49B0BAD2A4D}.Debug|Any CPU.ActiveCfg = Debug|Any CPU
		{852DE90B-86E6-452E-9F0F-E49B0BAD2A4D}.Debug|Any CPU.Build.0 = Debug|Any CPU
		{852DE90B-86E6-452E-9F0F-E49B0BAD2A4D}.Release|Any CPU.ActiveCfg = Release|Any CPU
		{852DE90B-86E6-452E-9F0F-E49B0BAD2A4D}.Release|Any CPU.Build.0 = Release|Any CPU
		{723EC8E3-BF54-4127-9D84-D45E1F5F8527}.Debug|Any CPU.ActiveCfg = Debug|Any CPU
		{723EC8E3-BF54-4127-9D84-D45E1F5F8527}.Debug|Any CPU.Build.0 = Debug|Any CPU
		{723EC8E3-BF54-4127-9D84-D45E1F5F8527}.Release|Any CPU.ActiveCfg = Release|Any CPU
		{723EC8E3-BF54-4127-9D84-D45E1F5F8527}.Release|Any CPU.Build.0 = Release|Any CPU
		{E797C2E4-7DDF-4879-8DBA-1906F5E2D578}.Debug|Any CPU.ActiveCfg = Debug|Any CPU
		{E797C2E4-7DDF-4879-8DBA-1906F5E2D578}.Debug|Any CPU.Build.0 = Debug|Any CPU
		{E797C2E4-7DDF-4879-8DBA-1906F5E2D578}.Release|Any CPU.ActiveCfg = Release|Any CPU
		{E797C2E4-7DDF-4879-8DBA-1906F5E2D578}.Release|Any CPU.Build.0 = Release|Any CPU
	EndGlobalSection
	GlobalSection(SolutionProperties) = preSolution
		HideSolutionNode = FALSE
	EndGlobalSection
	GlobalSection(ExtensibilityGlobals) = postSolution
		SolutionGuid = {89202B18-8F95-4473-B3EC-4333F01D55CE}
	EndGlobalSection
EndGlobal
